// !$*UTF8*$!
{
	archiveVersion = 1;
	classes = {
	};
	objectVersion = 50;
	objects = {

/* Begin PBXBuildFile section */
		166124C03856F9DC03522DF4 /* libPods-Avia Tickets.a in Frameworks */ = {isa = PBXBuildFile; fileRef = 56E6C031DF5D20CCE9017E11 /* libPods-Avia Tickets.a */; };
		AA0D3050224600B800D83DC7 /* AppDelegate.m in Sources */ = {isa = PBXBuildFile; fileRef = AA0D304F224600B800D83DC7 /* AppDelegate.m */; };
		AA0D3058224600BF00D83DC7 /* Assets.xcassets in Resources */ = {isa = PBXBuildFile; fileRef = AA0D3057224600BF00D83DC7 /* Assets.xcassets */; };
		AA0D305B224600C000D83DC7 /* LaunchScreen.storyboard in Resources */ = {isa = PBXBuildFile; fileRef = AA0D3059224600BF00D83DC7 /* LaunchScreen.storyboard */; };
		AA0D305E224600C000D83DC7 /* main.m in Sources */ = {isa = PBXBuildFile; fileRef = AA0D305D224600C000D83DC7 /* main.m */; };
		AA0D30682246019400D83DC7 /* MainViewController.m in Sources */ = {isa = PBXBuildFile; fileRef = AA0D30672246019400D83DC7 /* MainViewController.m */; };
		AA0D306E2246036400D83DC7 /* Country.m in Sources */ = {isa = PBXBuildFile; fileRef = AA0D306D2246036400D83DC7 /* Country.m */; };
		AA0D3072224603DD00D83DC7 /* City.m in Sources */ = {isa = PBXBuildFile; fileRef = AA0D3071224603DD00D83DC7 /* City.m */; };
		AA0D3076224604B000D83DC7 /* Airport.m in Sources */ = {isa = PBXBuildFile; fileRef = AA0D3075224604B000D83DC7 /* Airport.m */; };
		AA0D307A2246056800D83DC7 /* DataManager.m in Sources */ = {isa = PBXBuildFile; fileRef = AA0D30792246056800D83DC7 /* DataManager.m */; };
		AA0D307E2246641C00D83DC7 /* PlaceViewController.m in Sources */ = {isa = PBXBuildFile; fileRef = AA0D307D2246641C00D83DC7 /* PlaceViewController.m */; };
		AA0D308322466ABA00D83DC7 /* PlaceCell.m in Sources */ = {isa = PBXBuildFile; fileRef = AA0D308222466ABA00D83DC7 /* PlaceCell.m */; };
		AA0D3087224767F400D83DC7 /* ApiManager.m in Sources */ = {isa = PBXBuildFile; fileRef = AA0D3086224767F400D83DC7 /* ApiManager.m */; };
		AA0D308C2247AD3600D83DC7 /* cities.json in Resources */ = {isa = PBXBuildFile; fileRef = AA0D30892247AD3500D83DC7 /* cities.json */; };
		AA0D308D2247AD3600D83DC7 /* airports.json in Resources */ = {isa = PBXBuildFile; fileRef = AA0D308A2247AD3600D83DC7 /* airports.json */; };
		AA0D308E2247AD3600D83DC7 /* countries.json in Resources */ = {isa = PBXBuildFile; fileRef = AA0D308B2247AD3600D83DC7 /* countries.json */; };
		AA0D30932247AEC900D83DC7 /* Ticket.m in Sources */ = {isa = PBXBuildFile; fileRef = AA0D30922247AEC900D83DC7 /* Ticket.m */; };
		AA0D30972247B16C00D83DC7 /* Enums.m in Sources */ = {isa = PBXBuildFile; fileRef = AA0D30962247B16C00D83DC7 /* Enums.m */; };
		AA0D309E2247B58B00D83DC7 /* TicketCell.m in Sources */ = {isa = PBXBuildFile; fileRef = AA0D309D2247B58B00D83DC7 /* TicketCell.m */; };
		AA0D30A22247B78000D83DC7 /* TicketsViewController.m in Sources */ = {isa = PBXBuildFile; fileRef = AA0D30A12247B78000D83DC7 /* TicketsViewController.m */; };
		AA0D30A62247EE9900D83DC7 /* Feed.m in Sources */ = {isa = PBXBuildFile; fileRef = AA0D30A52247EE9900D83DC7 /* Feed.m */; };
		AA0D30AA2247F1E800D83DC7 /* FeedCell.m in Sources */ = {isa = PBXBuildFile; fileRef = AA0D30A92247F1E800D83DC7 /* FeedCell.m */; };
		AA0D30AE2247F64500D83DC7 /* FeedsViewController.m in Sources */ = {isa = PBXBuildFile; fileRef = AA0D30AD2247F64500D83DC7 /* FeedsViewController.m */; };
		AA0D30B222488B6100D83DC7 /* FeedInfoViewController.m in Sources */ = {isa = PBXBuildFile; fileRef = AA0D30B122488B6100D83DC7 /* FeedInfoViewController.m */; };
		AA24392B2250B72100E6816B /* TabBarController.m in Sources */ = {isa = PBXBuildFile; fileRef = AA24392A2250B72100E6816B /* TabBarController.m */; };
		AA24392E2250C4C000E6816B /* PlaceCollectionCell.m in Sources */ = {isa = PBXBuildFile; fileRef = AA24392D2250C4C000E6816B /* PlaceCollectionCell.m */; };
		AAB6C087224BC60C00BFCE63 /* LocationService.m in Sources */ = {isa = PBXBuildFile; fileRef = AAB6C086224BC60C00BFCE63 /* LocationService.m */; };
		AAB6C08B224BC78800BFCE63 /* MapPrice.m in Sources */ = {isa = PBXBuildFile; fileRef = AAB6C08A224BC78800BFCE63 /* MapPrice.m */; };
		AAB6C08F224BCC9700BFCE63 /* MapViewController.m in Sources */ = {isa = PBXBuildFile; fileRef = AAB6C08E224BCC9700BFCE63 /* MapViewController.m */; };
/* End PBXBuildFile section */

/* Begin PBXFileReference section */
		356FFAD4A728D9ED6DF4C8AF /* Pods-Avia Tickets.release.xcconfig */ = {isa = PBXFileReference; includeInIndex = 1; lastKnownFileType = text.xcconfig; name = "Pods-Avia Tickets.release.xcconfig"; path = "Target Support Files/Pods-Avia Tickets/Pods-Avia Tickets.release.xcconfig"; sourceTree = "<group>"; };
		56E6C031DF5D20CCE9017E11 /* libPods-Avia Tickets.a */ = {isa = PBXFileReference; explicitFileType = archive.ar; includeInIndex = 0; path = "libPods-Avia Tickets.a"; sourceTree = BUILT_PRODUCTS_DIR; };
		85D7910E8B400683DB944C3B /* Pods-Avia Tickets.debug.xcconfig */ = {isa = PBXFileReference; includeInIndex = 1; lastKnownFileType = text.xcconfig; name = "Pods-Avia Tickets.debug.xcconfig"; path = "Target Support Files/Pods-Avia Tickets/Pods-Avia Tickets.debug.xcconfig"; sourceTree = "<group>"; };
		AA0D304B224600B800D83DC7 /* Avia Tickets.app */ = {isa = PBXFileReference; explicitFileType = wrapper.application; includeInIndex = 0; path = "Avia Tickets.app"; sourceTree = BUILT_PRODUCTS_DIR; };
		AA0D304E224600B800D83DC7 /* AppDelegate.h */ = {isa = PBXFileReference; lastKnownFileType = sourcecode.c.h; path = AppDelegate.h; sourceTree = "<group>"; };
		AA0D304F224600B800D83DC7 /* AppDelegate.m */ = {isa = PBXFileReference; lastKnownFileType = sourcecode.c.objc; path = AppDelegate.m; sourceTree = "<group>"; };
		AA0D3057224600BF00D83DC7 /* Assets.xcassets */ = {isa = PBXFileReference; lastKnownFileType = folder.assetcatalog; path = Assets.xcassets; sourceTree = "<group>"; };
		AA0D305A224600BF00D83DC7 /* Base */ = {isa = PBXFileReference; lastKnownFileType = file.storyboard; name = Base; path = Base.lproj/LaunchScreen.storyboard; sourceTree = "<group>"; };
		AA0D305C224600C000D83DC7 /* Info.plist */ = {isa = PBXFileReference; lastKnownFileType = text.plist.xml; path = Info.plist; sourceTree = "<group>"; };
		AA0D305D224600C000D83DC7 /* main.m */ = {isa = PBXFileReference; lastKnownFileType = sourcecode.c.objc; path = main.m; sourceTree = "<group>"; };
		AA0D30662246019400D83DC7 /* MainViewController.h */ = {isa = PBXFileReference; lastKnownFileType = sourcecode.c.h; path = MainViewController.h; sourceTree = "<group>"; };
		AA0D30672246019400D83DC7 /* MainViewController.m */ = {isa = PBXFileReference; lastKnownFileType = sourcecode.c.objc; path = MainViewController.m; sourceTree = "<group>"; };
		AA0D306C2246036400D83DC7 /* Country.h */ = {isa = PBXFileReference; lastKnownFileType = sourcecode.c.h; path = Country.h; sourceTree = "<group>"; };
		AA0D306D2246036400D83DC7 /* Country.m */ = {isa = PBXFileReference; lastKnownFileType = sourcecode.c.objc; path = Country.m; sourceTree = "<group>"; };
		AA0D3070224603DD00D83DC7 /* City.h */ = {isa = PBXFileReference; lastKnownFileType = sourcecode.c.h; path = City.h; sourceTree = "<group>"; };
		AA0D3071224603DD00D83DC7 /* City.m */ = {isa = PBXFileReference; lastKnownFileType = sourcecode.c.objc; path = City.m; sourceTree = "<group>"; };
		AA0D3074224604B000D83DC7 /* Airport.h */ = {isa = PBXFileReference; lastKnownFileType = sourcecode.c.h; path = Airport.h; sourceTree = "<group>"; };
		AA0D3075224604B000D83DC7 /* Airport.m */ = {isa = PBXFileReference; lastKnownFileType = sourcecode.c.objc; path = Airport.m; sourceTree = "<group>"; };
		AA0D30782246056800D83DC7 /* DataManager.h */ = {isa = PBXFileReference; lastKnownFileType = sourcecode.c.h; path = DataManager.h; sourceTree = "<group>"; };
		AA0D30792246056800D83DC7 /* DataManager.m */ = {isa = PBXFileReference; lastKnownFileType = sourcecode.c.objc; path = DataManager.m; sourceTree = "<group>"; };
		AA0D307C2246641C00D83DC7 /* PlaceViewController.h */ = {isa = PBXFileReference; lastKnownFileType = sourcecode.c.h; path = PlaceViewController.h; sourceTree = "<group>"; };
		AA0D307D2246641C00D83DC7 /* PlaceViewController.m */ = {isa = PBXFileReference; lastKnownFileType = sourcecode.c.objc; path = PlaceViewController.m; sourceTree = "<group>"; };
		AA0D308122466ABA00D83DC7 /* PlaceCell.h */ = {isa = PBXFileReference; lastKnownFileType = sourcecode.c.h; path = PlaceCell.h; sourceTree = "<group>"; };
		AA0D308222466ABA00D83DC7 /* PlaceCell.m */ = {isa = PBXFileReference; lastKnownFileType = sourcecode.c.objc; path = PlaceCell.m; sourceTree = "<group>"; };
		AA0D3085224767F400D83DC7 /* ApiManager.h */ = {isa = PBXFileReference; lastKnownFileType = sourcecode.c.h; path = ApiManager.h; sourceTree = "<group>"; };
		AA0D3086224767F400D83DC7 /* ApiManager.m */ = {isa = PBXFileReference; lastKnownFileType = sourcecode.c.objc; path = ApiManager.m; sourceTree = "<group>"; };
		AA0D30892247AD3500D83DC7 /* cities.json */ = {isa = PBXFileReference; fileEncoding = 4; lastKnownFileType = text.json; path = cities.json; sourceTree = "<group>"; };
		AA0D308A2247AD3600D83DC7 /* airports.json */ = {isa = PBXFileReference; fileEncoding = 4; lastKnownFileType = text.json; path = airports.json; sourceTree = "<group>"; };
		AA0D308B2247AD3600D83DC7 /* countries.json */ = {isa = PBXFileReference; fileEncoding = 4; lastKnownFileType = text.json; path = countries.json; sourceTree = "<group>"; };
		AA0D30912247AEC900D83DC7 /* Ticket.h */ = {isa = PBXFileReference; lastKnownFileType = sourcecode.c.h; path = Ticket.h; sourceTree = "<group>"; };
		AA0D30922247AEC900D83DC7 /* Ticket.m */ = {isa = PBXFileReference; lastKnownFileType = sourcecode.c.objc; path = Ticket.m; sourceTree = "<group>"; };
		AA0D30952247B16C00D83DC7 /* Enums.h */ = {isa = PBXFileReference; lastKnownFileType = sourcecode.c.h; path = Enums.h; sourceTree = "<group>"; };
		AA0D30962247B16C00D83DC7 /* Enums.m */ = {isa = PBXFileReference; lastKnownFileType = sourcecode.c.objc; path = Enums.m; sourceTree = "<group>"; };
		AA0D309C2247B58B00D83DC7 /* TicketCell.h */ = {isa = PBXFileReference; lastKnownFileType = sourcecode.c.h; path = TicketCell.h; sourceTree = "<group>"; };
		AA0D309D2247B58B00D83DC7 /* TicketCell.m */ = {isa = PBXFileReference; lastKnownFileType = sourcecode.c.objc; path = TicketCell.m; sourceTree = "<group>"; };
		AA0D30A02247B78000D83DC7 /* TicketsViewController.h */ = {isa = PBXFileReference; lastKnownFileType = sourcecode.c.h; path = TicketsViewController.h; sourceTree = "<group>"; };
		AA0D30A12247B78000D83DC7 /* TicketsViewController.m */ = {isa = PBXFileReference; lastKnownFileType = sourcecode.c.objc; path = TicketsViewController.m; sourceTree = "<group>"; };
		AA0D30A42247EE9900D83DC7 /* Feed.h */ = {isa = PBXFileReference; lastKnownFileType = sourcecode.c.h; path = Feed.h; sourceTree = "<group>"; };
		AA0D30A52247EE9900D83DC7 /* Feed.m */ = {isa = PBXFileReference; lastKnownFileType = sourcecode.c.objc; path = Feed.m; sourceTree = "<group>"; };
		AA0D30A82247F1E800D83DC7 /* FeedCell.h */ = {isa = PBXFileReference; lastKnownFileType = sourcecode.c.h; path = FeedCell.h; sourceTree = "<group>"; };
		AA0D30A92247F1E800D83DC7 /* FeedCell.m */ = {isa = PBXFileReference; lastKnownFileType = sourcecode.c.objc; path = FeedCell.m; sourceTree = "<group>"; };
		AA0D30AC2247F64500D83DC7 /* FeedsViewController.h */ = {isa = PBXFileReference; lastKnownFileType = sourcecode.c.h; path = FeedsViewController.h; sourceTree = "<group>"; };
		AA0D30AD2247F64500D83DC7 /* FeedsViewController.m */ = {isa = PBXFileReference; lastKnownFileType = sourcecode.c.objc; path = FeedsViewController.m; sourceTree = "<group>"; };
		AA0D30B022488B6100D83DC7 /* FeedInfoViewController.h */ = {isa = PBXFileReference; lastKnownFileType = sourcecode.c.h; path = FeedInfoViewController.h; sourceTree = "<group>"; };
		AA0D30B122488B6100D83DC7 /* FeedInfoViewController.m */ = {isa = PBXFileReference; lastKnownFileType = sourcecode.c.objc; path = FeedInfoViewController.m; sourceTree = "<group>"; };
		AA2439292250B72100E6816B /* TabBarController.h */ = {isa = PBXFileReference; lastKnownFileType = sourcecode.c.h; path = TabBarController.h; sourceTree = "<group>"; };
		AA24392A2250B72100E6816B /* TabBarController.m */ = {isa = PBXFileReference; lastKnownFileType = sourcecode.c.objc; path = TabBarController.m; sourceTree = "<group>"; };
		AA24392C2250C4C000E6816B /* PlaceCollectionCell.h */ = {isa = PBXFileReference; lastKnownFileType = sourcecode.c.h; path = PlaceCollectionCell.h; sourceTree = "<group>"; };
		AA24392D2250C4C000E6816B /* PlaceCollectionCell.m */ = {isa = PBXFileReference; lastKnownFileType = sourcecode.c.objc; path = PlaceCollectionCell.m; sourceTree = "<group>"; };
		AAB6C085224BC60C00BFCE63 /* LocationService.h */ = {isa = PBXFileReference; lastKnownFileType = sourcecode.c.h; path = LocationService.h; sourceTree = "<group>"; };
		AAB6C086224BC60C00BFCE63 /* LocationService.m */ = {isa = PBXFileReference; lastKnownFileType = sourcecode.c.objc; path = LocationService.m; sourceTree = "<group>"; };
		AAB6C089224BC78800BFCE63 /* MapPrice.h */ = {isa = PBXFileReference; lastKnownFileType = sourcecode.c.h; path = MapPrice.h; sourceTree = "<group>"; };
		AAB6C08A224BC78800BFCE63 /* MapPrice.m */ = {isa = PBXFileReference; lastKnownFileType = sourcecode.c.objc; path = MapPrice.m; sourceTree = "<group>"; };
		AAB6C08D224BCC9700BFCE63 /* MapViewController.h */ = {isa = PBXFileReference; lastKnownFileType = sourcecode.c.h; path = MapViewController.h; sourceTree = "<group>"; };
		AAB6C08E224BCC9700BFCE63 /* MapViewController.m */ = {isa = PBXFileReference; lastKnownFileType = sourcecode.c.objc; path = MapViewController.m; sourceTree = "<group>"; };
/* End PBXFileReference section */

/* Begin PBXFrameworksBuildPhase section */
		AA0D3048224600B800D83DC7 /* Frameworks */ = {
			isa = PBXFrameworksBuildPhase;
			buildActionMask = 2147483647;
			files = (
				166124C03856F9DC03522DF4 /* libPods-Avia Tickets.a in Frameworks */,
			);
			runOnlyForDeploymentPostprocessing = 0;
		};
/* End PBXFrameworksBuildPhase section */

/* Begin PBXGroup section */
		6EA615692CA661625A06F24F /* Pods */ = {
			isa = PBXGroup;
			children = (
				85D7910E8B400683DB944C3B /* Pods-Avia Tickets.debug.xcconfig */,
				356FFAD4A728D9ED6DF4C8AF /* Pods-Avia Tickets.release.xcconfig */,
			);
			path = Pods;
			sourceTree = "<group>";
		};
		AA0D3042224600B800D83DC7 = {
			isa = PBXGroup;
			children = (
				AA0D304D224600B800D83DC7 /* Avia Tickets */,
				AA0D304C224600B800D83DC7 /* Products */,
				6EA615692CA661625A06F24F /* Pods */,
				FE68726895280FA67A065FDE /* Frameworks */,
			);
			sourceTree = "<group>";
		};
		AA0D304C224600B800D83DC7 /* Products */ = {
			isa = PBXGroup;
			children = (
				AA0D304B224600B800D83DC7 /* Avia Tickets.app */,
			);
			name = Products;
			sourceTree = "<group>";
		};
		AA0D304D224600B800D83DC7 /* Avia Tickets */ = {
			isa = PBXGroup;
			children = (
				AA0D306A2246031000D83DC7 /* Main */,
				AA0D307F22466A8900D83DC7 /* Cells */,
				AA0D30642246015200D83DC7 /* Controllers */,
				AA0D30942247B03B00D83DC7 /* Enums */,
				AA0D308F2247AE9D00D83DC7 /* Managers */,
				AA0D3069224602FE00D83DC7 /* Models */,
				AA0D30882247AD2000D83DC7 /* jsons */,
				AA0D304E224600B800D83DC7 /* AppDelegate.h */,
				AA0D304F224600B800D83DC7 /* AppDelegate.m */,
				AA0D305C224600C000D83DC7 /* Info.plist */,
				AA0D305D224600C000D83DC7 /* main.m */,
			);
			path = "Avia Tickets";
			sourceTree = "<group>";
		};
		AA0D30642246015200D83DC7 /* Controllers */ = {
			isa = PBXGroup;
			children = (
				AA2439282250B6FC00E6816B /* TabBar */,
				AA0D30652246017400D83DC7 /* Main */,
				AAB6C08C224BC92500BFCE63 /* Map */,
				AA0D30AB2247F62A00D83DC7 /* Feed */,
				AA0D30AF22488B4900D83DC7 /* FeedInfo */,
				AA0D307B224663B800D83DC7 /* Place */,
				AA0D309F2247B76100D83DC7 /* Ticket */,
			);
			path = Controllers;
			sourceTree = "<group>";
		};
		AA0D30652246017400D83DC7 /* Main */ = {
			isa = PBXGroup;
			children = (
				AA0D30662246019400D83DC7 /* MainViewController.h */,
				AA0D30672246019400D83DC7 /* MainViewController.m */,
			);
			path = Main;
			sourceTree = "<group>";
		};
		AA0D3069224602FE00D83DC7 /* Models */ = {
			isa = PBXGroup;
			children = (
				AA0D3073224604A300D83DC7 /* Airport */,
				AA0D306F224603D000D83DC7 /* City */,
				AA0D306B2246032600D83DC7 /* Country */,
				AA0D30A32247EE7600D83DC7 /* Feed */,
				AAB6C088224BC76600BFCE63 /* MapPrice */,
				AA0D30902247AEB600D83DC7 /* Ticket */,
			);
			path = Models;
			sourceTree = "<group>";
		};
		AA0D306A2246031000D83DC7 /* Main */ = {
			isa = PBXGroup;
			children = (
				AA0D3057224600BF00D83DC7 /* Assets.xcassets */,
				AA0D3059224600BF00D83DC7 /* LaunchScreen.storyboard */,
			);
			path = Main;
			sourceTree = "<group>";
		};
		AA0D306B2246032600D83DC7 /* Country */ = {
			isa = PBXGroup;
			children = (
				AA0D306C2246036400D83DC7 /* Country.h */,
				AA0D306D2246036400D83DC7 /* Country.m */,
			);
			path = Country;
			sourceTree = "<group>";
		};
		AA0D306F224603D000D83DC7 /* City */ = {
			isa = PBXGroup;
			children = (
				AA0D3070224603DD00D83DC7 /* City.h */,
				AA0D3071224603DD00D83DC7 /* City.m */,
			);
			path = City;
			sourceTree = "<group>";
		};
		AA0D3073224604A300D83DC7 /* Airport */ = {
			isa = PBXGroup;
			children = (
				AA0D3074224604B000D83DC7 /* Airport.h */,
				AA0D3075224604B000D83DC7 /* Airport.m */,
			);
			path = Airport;
			sourceTree = "<group>";
		};
		AA0D30772246054F00D83DC7 /* DataManager */ = {
			isa = PBXGroup;
			children = (
				AA0D30782246056800D83DC7 /* DataManager.h */,
				AA0D30792246056800D83DC7 /* DataManager.m */,
			);
			path = DataManager;
			sourceTree = "<group>";
		};
		AA0D307B224663B800D83DC7 /* Place */ = {
			isa = PBXGroup;
			children = (
				AA0D307C2246641C00D83DC7 /* PlaceViewController.h */,
				AA0D307D2246641C00D83DC7 /* PlaceViewController.m */,
			);
			path = Place;
			sourceTree = "<group>";
		};
		AA0D307F22466A8900D83DC7 /* Cells */ = {
			isa = PBXGroup;
			children = (
				AA0D30A72247F1AE00D83DC7 /* Feed */,
				AA0D308022466A9D00D83DC7 /* Place */,
				AA24392F2250C4C300E6816B /* PlaceCollection */,
				AA0D30982247B53500D83DC7 /* Ticket */,
			);
			path = Cells;
			sourceTree = "<group>";
		};
		AA0D308022466A9D00D83DC7 /* Place */ = {
			isa = PBXGroup;
			children = (
				AA0D308122466ABA00D83DC7 /* PlaceCell.h */,
				AA0D308222466ABA00D83DC7 /* PlaceCell.m */,
			);
			path = Place;
			sourceTree = "<group>";
		};
		AA0D3084224767D900D83DC7 /* ApiManager */ = {
			isa = PBXGroup;
			children = (
				AA0D3085224767F400D83DC7 /* ApiManager.h */,
				AA0D3086224767F400D83DC7 /* ApiManager.m */,
			);
			path = ApiManager;
			sourceTree = "<group>";
		};
		AA0D30882247AD2000D83DC7 /* jsons */ = {
			isa = PBXGroup;
			children = (
				AA0D308A2247AD3600D83DC7 /* airports.json */,
				AA0D30892247AD3500D83DC7 /* cities.json */,
				AA0D308B2247AD3600D83DC7 /* countries.json */,
			);
			path = jsons;
			sourceTree = "<group>";
		};
		AA0D308F2247AE9D00D83DC7 /* Managers */ = {
			isa = PBXGroup;
			children = (
				AA0D3084224767D900D83DC7 /* ApiManager */,
				AA0D30772246054F00D83DC7 /* DataManager */,
				AAB6C084224BC56700BFCE63 /* LocationManager */,
			);
			path = Managers;
			sourceTree = "<group>";
		};
		AA0D30902247AEB600D83DC7 /* Ticket */ = {
			isa = PBXGroup;
			children = (
				AA0D30912247AEC900D83DC7 /* Ticket.h */,
				AA0D30922247AEC900D83DC7 /* Ticket.m */,
			);
			path = Ticket;
			sourceTree = "<group>";
		};
		AA0D30942247B03B00D83DC7 /* Enums */ = {
			isa = PBXGroup;
			children = (
				AA0D30952247B16C00D83DC7 /* Enums.h */,
				AA0D30962247B16C00D83DC7 /* Enums.m */,
			);
			path = Enums;
			sourceTree = "<group>";
		};
		AA0D30982247B53500D83DC7 /* Ticket */ = {
			isa = PBXGroup;
			children = (
				AA0D309C2247B58B00D83DC7 /* TicketCell.h */,
				AA0D309D2247B58B00D83DC7 /* TicketCell.m */,
			);
			path = Ticket;
			sourceTree = "<group>";
		};
		AA0D309F2247B76100D83DC7 /* Ticket */ = {
			isa = PBXGroup;
			children = (
				AA0D30A02247B78000D83DC7 /* TicketsViewController.h */,
				AA0D30A12247B78000D83DC7 /* TicketsViewController.m */,
			);
			path = Ticket;
			sourceTree = "<group>";
		};
		AA0D30A32247EE7600D83DC7 /* Feed */ = {
			isa = PBXGroup;
			children = (
				AA0D30A42247EE9900D83DC7 /* Feed.h */,
				AA0D30A52247EE9900D83DC7 /* Feed.m */,
			);
			path = Feed;
			sourceTree = "<group>";
		};
		AA0D30A72247F1AE00D83DC7 /* Feed */ = {
			isa = PBXGroup;
			children = (
				AA0D30A82247F1E800D83DC7 /* FeedCell.h */,
				AA0D30A92247F1E800D83DC7 /* FeedCell.m */,
			);
			path = Feed;
			sourceTree = "<group>";
		};
		AA0D30AB2247F62A00D83DC7 /* Feed */ = {
			isa = PBXGroup;
			children = (
				AA0D30AC2247F64500D83DC7 /* FeedsViewController.h */,
				AA0D30AD2247F64500D83DC7 /* FeedsViewController.m */,
			);
			path = Feed;
			sourceTree = "<group>";
		};
		AA0D30AF22488B4900D83DC7 /* FeedInfo */ = {
			isa = PBXGroup;
			children = (
				AA0D30B022488B6100D83DC7 /* FeedInfoViewController.h */,
				AA0D30B122488B6100D83DC7 /* FeedInfoViewController.m */,
			);
			path = FeedInfo;
			sourceTree = "<group>";
		};
		AA2439282250B6FC00E6816B /* TabBar */ = {
			isa = PBXGroup;
			children = (
				AA2439292250B72100E6816B /* TabBarController.h */,
				AA24392A2250B72100E6816B /* TabBarController.m */,
			);
			path = TabBar;
			sourceTree = "<group>";
		};
		AA24392F2250C4C300E6816B /* PlaceCollection */ = {
			isa = PBXGroup;
			children = (
				AA24392C2250C4C000E6816B /* PlaceCollectionCell.h */,
				AA24392D2250C4C000E6816B /* PlaceCollectionCell.m */,
			);
			path = PlaceCollection;
			sourceTree = "<group>";
		};
		AAB6C084224BC56700BFCE63 /* LocationManager */ = {
			isa = PBXGroup;
			children = (
				AAB6C085224BC60C00BFCE63 /* LocationService.h */,
				AAB6C086224BC60C00BFCE63 /* LocationService.m */,
			);
			path = LocationManager;
			sourceTree = "<group>";
		};
		AAB6C088224BC76600BFCE63 /* MapPrice */ = {
			isa = PBXGroup;
			children = (
				AAB6C089224BC78800BFCE63 /* MapPrice.h */,
				AAB6C08A224BC78800BFCE63 /* MapPrice.m */,
			);
			path = MapPrice;
			sourceTree = "<group>";
		};
		AAB6C08C224BC92500BFCE63 /* Map */ = {
			isa = PBXGroup;
			children = (
				AAB6C08D224BCC9700BFCE63 /* MapViewController.h */,
				AAB6C08E224BCC9700BFCE63 /* MapViewController.m */,
			);
			path = Map;
			sourceTree = "<group>";
		};
		FE68726895280FA67A065FDE /* Frameworks */ = {
			isa = PBXGroup;
			children = (
				56E6C031DF5D20CCE9017E11 /* libPods-Avia Tickets.a */,
			);
			name = Frameworks;
			sourceTree = "<group>";
		};
/* End PBXGroup section */

/* Begin PBXNativeTarget section */
		AA0D304A224600B800D83DC7 /* Avia Tickets */ = {
			isa = PBXNativeTarget;
			buildConfigurationList = AA0D3061224600C000D83DC7 /* Build configuration list for PBXNativeTarget "Avia Tickets" */;
			buildPhases = (
				3D43D54071F84FD598F191C8 /* [CP] Check Pods Manifest.lock */,
				AA0D3047224600B800D83DC7 /* Sources */,
				AA0D3048224600B800D83DC7 /* Frameworks */,
				AA0D3049224600B800D83DC7 /* Resources */,
			);
			buildRules = (
			);
			dependencies = (
			);
			name = "Avia Tickets";
			productName = "Avia Tickets";
			productReference = AA0D304B224600B800D83DC7 /* Avia Tickets.app */;
			productType = "com.apple.product-type.application";
		};
/* End PBXNativeTarget section */

/* Begin PBXProject section */
		AA0D3043224600B800D83DC7 /* Project object */ = {
			isa = PBXProject;
			attributes = {
				LastUpgradeCheck = 1010;
				ORGANIZATIONNAME = "Марат Нургалиев";
				TargetAttributes = {
					AA0D304A224600B800D83DC7 = {
						CreatedOnToolsVersion = 10.1;
					};
				};
			};
			buildConfigurationList = AA0D3046224600B800D83DC7 /* Build configuration list for PBXProject "Avia Tickets" */;
			compatibilityVersion = "Xcode 9.3";
			developmentRegion = en;
			hasScannedForEncodings = 0;
			knownRegions = (
				en,
				Base,
			);
			mainGroup = AA0D3042224600B800D83DC7;
			productRefGroup = AA0D304C224600B800D83DC7 /* Products */;
			projectDirPath = "";
			projectRoot = "";
			targets = (
				AA0D304A224600B800D83DC7 /* Avia Tickets */,
			);
		};
/* End PBXProject section */

/* Begin PBXResourcesBuildPhase section */
		AA0D3049224600B800D83DC7 /* Resources */ = {
			isa = PBXResourcesBuildPhase;
			buildActionMask = 2147483647;
			files = (
				AA0D308C2247AD3600D83DC7 /* cities.json in Resources */,
				AA0D308D2247AD3600D83DC7 /* airports.json in Resources */,
				AA0D305B224600C000D83DC7 /* LaunchScreen.storyboard in Resources */,
				AA0D308E2247AD3600D83DC7 /* countries.json in Resources */,
				AA0D3058224600BF00D83DC7 /* Assets.xcassets in Resources */,
			);
			runOnlyForDeploymentPostprocessing = 0;
		};
/* End PBXResourcesBuildPhase section */

/* Begin PBXShellScriptBuildPhase section */
		3D43D54071F84FD598F191C8 /* [CP] Check Pods Manifest.lock */ = {
			isa = PBXShellScriptBuildPhase;
			buildActionMask = 2147483647;
			files = (
			);
			inputFileListPaths = (
			);
			inputPaths = (
				"${PODS_PODFILE_DIR_PATH}/Podfile.lock",
				"${PODS_ROOT}/Manifest.lock",
			);
			name = "[CP] Check Pods Manifest.lock";
			outputFileListPaths = (
			);
			outputPaths = (
				"$(DERIVED_FILE_DIR)/Pods-Avia Tickets-checkManifestLockResult.txt",
			);
			runOnlyForDeploymentPostprocessing = 0;
			shellPath = /bin/sh;
			shellScript = "diff \"${PODS_PODFILE_DIR_PATH}/Podfile.lock\" \"${PODS_ROOT}/Manifest.lock\" > /dev/null\nif [ $? != 0 ] ; then\n    # print error to STDERR\n    echo \"error: The sandbox is not in sync with the Podfile.lock. Run 'pod install' or update your CocoaPods installation.\" >&2\n    exit 1\nfi\n# This output is used by Xcode 'outputs' to avoid re-running this script phase.\necho \"SUCCESS\" > \"${SCRIPT_OUTPUT_FILE_0}\"\n";
			showEnvVarsInLog = 0;
		};
/* End PBXShellScriptBuildPhase section */

/* Begin PBXSourcesBuildPhase section */
		AA0D3047224600B800D83DC7 /* Sources */ = {
			isa = PBXSourcesBuildPhase;
			buildActionMask = 2147483647;
			files = (
				AAB6C087224BC60C00BFCE63 /* LocationService.m in Sources */,
				AA0D30AE2247F64500D83DC7 /* FeedsViewController.m in Sources */,
				AA0D3087224767F400D83DC7 /* ApiManager.m in Sources */,
				AA0D3072224603DD00D83DC7 /* City.m in Sources */,
				AA0D309E2247B58B00D83DC7 /* TicketCell.m in Sources */,
				AA24392B2250B72100E6816B /* TabBarController.m in Sources */,
				AA0D306E2246036400D83DC7 /* Country.m in Sources */,
				AAB6C08F224BCC9700BFCE63 /* MapViewController.m in Sources */,
				AA0D307A2246056800D83DC7 /* DataManager.m in Sources */,
				AA0D308322466ABA00D83DC7 /* PlaceCell.m in Sources */,
				AA0D305E224600C000D83DC7 /* main.m in Sources */,
				AA0D30B222488B6100D83DC7 /* FeedInfoViewController.m in Sources */,
				AA0D30972247B16C00D83DC7 /* Enums.m in Sources */,
				AA0D30A22247B78000D83DC7 /* TicketsViewController.m in Sources */,
				AA0D30A62247EE9900D83DC7 /* Feed.m in Sources */,
				AA0D307E2246641C00D83DC7 /* PlaceViewController.m in Sources */,
				AAB6C08B224BC78800BFCE63 /* MapPrice.m in Sources */,
				AA0D3076224604B000D83DC7 /* Airport.m in Sources */,
				AA0D30932247AEC900D83DC7 /* Ticket.m in Sources */,
				AA0D30682246019400D83DC7 /* MainViewController.m in Sources */,
				AA0D30AA2247F1E800D83DC7 /* FeedCell.m in Sources */,
				AA0D3050224600B800D83DC7 /* AppDelegate.m in Sources */,
				AA24392E2250C4C000E6816B /* PlaceCollectionCell.m in Sources */,
			);
			runOnlyForDeploymentPostprocessing = 0;
		};
/* End PBXSourcesBuildPhase section */

/* Begin PBXVariantGroup section */
		AA0D3059224600BF00D83DC7 /* LaunchScreen.storyboard */ = {
			isa = PBXVariantGroup;
			children = (
				AA0D305A224600BF00D83DC7 /* Base */,
			);
			name = LaunchScreen.storyboard;
			sourceTree = "<group>";
		};
/* End PBXVariantGroup section */

/* Begin XCBuildConfiguration section */
		AA0D305F224600C000D83DC7 /* Debug */ = {
			isa = XCBuildConfiguration;
			buildSettings = {
				ALWAYS_SEARCH_USER_PATHS = NO;
				CLANG_ANALYZER_NONNULL = YES;
				CLANG_ANALYZER_NUMBER_OBJECT_CONVERSION = YES_AGGRESSIVE;
				CLANG_CXX_LANGUAGE_STANDARD = "gnu++14";
				CLANG_CXX_LIBRARY = "libc++";
				CLANG_ENABLE_MODULES = YES;
				CLANG_ENABLE_OBJC_ARC = YES;
				CLANG_ENABLE_OBJC_WEAK = YES;
				CLANG_WARN_BLOCK_CAPTURE_AUTORELEASING = YES;
				CLANG_WARN_BOOL_CONVERSION = YES;
				CLANG_WARN_COMMA = YES;
				CLANG_WARN_CONSTANT_CONVERSION = YES;
				CLANG_WARN_DEPRECATED_OBJC_IMPLEMENTATIONS = YES;
				CLANG_WARN_DIRECT_OBJC_ISA_USAGE = YES_ERROR;
				CLANG_WARN_DOCUMENTATION_COMMENTS = YES;
				CLANG_WARN_EMPTY_BODY = YES;
				CLANG_WARN_ENUM_CONVERSION = YES;
				CLANG_WARN_INFINITE_RECURSION = YES;
				CLANG_WARN_INT_CONVERSION = YES;
				CLANG_WARN_NON_LITERAL_NULL_CONVERSION = YES;
				CLANG_WARN_OBJC_IMPLICIT_RETAIN_SELF = YES;
				CLANG_WARN_OBJC_LITERAL_CONVERSION = YES;
				CLANG_WARN_OBJC_ROOT_CLASS = YES_ERROR;
				CLANG_WARN_RANGE_LOOP_ANALYSIS = YES;
				CLANG_WARN_STRICT_PROTOTYPES = YES;
				CLANG_WARN_SUSPICIOUS_MOVE = YES;
				CLANG_WARN_UNGUARDED_AVAILABILITY = YES_AGGRESSIVE;
				CLANG_WARN_UNREACHABLE_CODE = YES;
				CLANG_WARN__DUPLICATE_METHOD_MATCH = YES;
				CODE_SIGN_IDENTITY = "iPhone Developer";
				COPY_PHASE_STRIP = NO;
				DEBUG_INFORMATION_FORMAT = dwarf;
				ENABLE_STRICT_OBJC_MSGSEND = YES;
				ENABLE_TESTABILITY = YES;
				GCC_C_LANGUAGE_STANDARD = gnu11;
				GCC_DYNAMIC_NO_PIC = NO;
				GCC_NO_COMMON_BLOCKS = YES;
				GCC_OPTIMIZATION_LEVEL = 0;
				GCC_PREPROCESSOR_DEFINITIONS = (
					"DEBUG=1",
					"$(inherited)",
				);
				GCC_WARN_64_TO_32_BIT_CONVERSION = YES;
				GCC_WARN_ABOUT_RETURN_TYPE = YES_ERROR;
				GCC_WARN_UNDECLARED_SELECTOR = YES;
				GCC_WARN_UNINITIALIZED_AUTOS = YES_AGGRESSIVE;
				GCC_WARN_UNUSED_FUNCTION = YES;
				GCC_WARN_UNUSED_VARIABLE = YES;
				IPHONEOS_DEPLOYMENT_TARGET = 12.1;
				MTL_ENABLE_DEBUG_INFO = INCLUDE_SOURCE;
				MTL_FAST_MATH = YES;
				ONLY_ACTIVE_ARCH = YES;
				SDKROOT = iphoneos;
			};
			name = Debug;
		};
		AA0D3060224600C000D83DC7 /* Release */ = {
			isa = XCBuildConfiguration;
			buildSettings = {
				ALWAYS_SEARCH_USER_PATHS = NO;
				CLANG_ANALYZER_NONNULL = YES;
				CLANG_ANALYZER_NUMBER_OBJECT_CONVERSION = YES_AGGRESSIVE;
				CLANG_CXX_LANGUAGE_STANDARD = "gnu++14";
				CLANG_CXX_LIBRARY = "libc++";
				CLANG_ENABLE_MODULES = YES;
				CLANG_ENABLE_OBJC_ARC = YES;
				CLANG_ENABLE_OBJC_WEAK = YES;
				CLANG_WARN_BLOCK_CAPTURE_AUTORELEASING = YES;
				CLANG_WARN_BOOL_CONVERSION = YES;
				CLANG_WARN_COMMA = YES;
				CLANG_WARN_CONSTANT_CONVERSION = YES;
				CLANG_WARN_DEPRECATED_OBJC_IMPLEMENTATIONS = YES;
				CLANG_WARN_DIRECT_OBJC_ISA_USAGE = YES_ERROR;
				CLANG_WARN_DOCUMENTATION_COMMENTS = YES;
				CLANG_WARN_EMPTY_BODY = YES;
				CLANG_WARN_ENUM_CONVERSION = YES;
				CLANG_WARN_INFINITE_RECURSION = YES;
				CLANG_WARN_INT_CONVERSION = YES;
				CLANG_WARN_NON_LITERAL_NULL_CONVERSION = YES;
				CLANG_WARN_OBJC_IMPLICIT_RETAIN_SELF = YES;
				CLANG_WARN_OBJC_LITERAL_CONVERSION = YES;
				CLANG_WARN_OBJC_ROOT_CLASS = YES_ERROR;
				CLANG_WARN_RANGE_LOOP_ANALYSIS = YES;
				CLANG_WARN_STRICT_PROTOTYPES = YES;
				CLANG_WARN_SUSPICIOUS_MOVE = YES;
				CLANG_WARN_UNGUARDED_AVAILABILITY = YES_AGGRESSIVE;
				CLANG_WARN_UNREACHABLE_CODE = YES;
				CLANG_WARN__DUPLICATE_METHOD_MATCH = YES;
				CODE_SIGN_IDENTITY = "iPhone Developer";
				COPY_PHASE_STRIP = NO;
				DEBUG_INFORMATION_FORMAT = "dwarf-with-dsym";
				ENABLE_NS_ASSERTIONS = NO;
				ENABLE_STRICT_OBJC_MSGSEND = YES;
				GCC_C_LANGUAGE_STANDARD = gnu11;
				GCC_NO_COMMON_BLOCKS = YES;
				GCC_WARN_64_TO_32_BIT_CONVERSION = YES;
				GCC_WARN_ABOUT_RETURN_TYPE = YES_ERROR;
				GCC_WARN_UNDECLARED_SELECTOR = YES;
				GCC_WARN_UNINITIALIZED_AUTOS = YES_AGGRESSIVE;
				GCC_WARN_UNUSED_FUNCTION = YES;
				GCC_WARN_UNUSED_VARIABLE = YES;
				IPHONEOS_DEPLOYMENT_TARGET = 12.1;
				MTL_ENABLE_DEBUG_INFO = NO;
				MTL_FAST_MATH = YES;
				SDKROOT = iphoneos;
				VALIDATE_PRODUCT = YES;
			};
			name = Release;
		};
		AA0D3062224600C000D83DC7 /* Debug */ = {
			isa = XCBuildConfiguration;
			baseConfigurationReference = 85D7910E8B400683DB944C3B /* Pods-Avia Tickets.debug.xcconfig */;
			buildSettings = {
				ASSETCATALOG_COMPILER_APPICON_NAME = AppIcon;
				CODE_SIGN_STYLE = Automatic;
				DEVELOPMENT_TEAM = 7J4TANDD7J;
				INFOPLIST_FILE = "Avia Tickets/Info.plist";
				LD_RUNPATH_SEARCH_PATHS = (
					"$(inherited)",
					"@executable_path/Frameworks",
				);
				PRODUCT_BUNDLE_IDENTIFIER = "ru.marat.homework.aviatickets.Avia-Tickets";
				PRODUCT_NAME = "$(TARGET_NAME)";
				TARGETED_DEVICE_FAMILY = "1,2";
			};
			name = Debug;
		};
		AA0D3063224600C000D83DC7 /* Release */ = {
			isa = XCBuildConfiguration;
			baseConfigurationReference = 356FFAD4A728D9ED6DF4C8AF /* Pods-Avia Tickets.release.xcconfig */;
			buildSettings = {
				ASSETCATALOG_COMPILER_APPICON_NAME = AppIcon;
				CODE_SIGN_STYLE = Automatic;
				DEVELOPMENT_TEAM = 7J4TANDD7J;
				INFOPLIST_FILE = "Avia Tickets/Info.plist";
				LD_RUNPATH_SEARCH_PATHS = (
					"$(inherited)",
					"@executable_path/Frameworks",
				);
				PRODUCT_BUNDLE_IDENTIFIER = "ru.marat.homework.aviatickets.Avia-Tickets";
				PRODUCT_NAME = "$(TARGET_NAME)";
				TARGETED_DEVICE_FAMILY = "1,2";
			};
			name = Release;
		};
/* End XCBuildConfiguration section */

/* Begin XCConfigurationList section */
		AA0D3046224600B800D83DC7 /* Build configuration list for PBXProject "Avia Tickets" */ = {
			isa = XCConfigurationList;
			buildConfigurations = (
				AA0D305F224600C000D83DC7 /* Debug */,
				AA0D3060224600C000D83DC7 /* Release */,
			);
			defaultConfigurationIsVisible = 0;
			defaultConfigurationName = Release;
		};
		AA0D3061224600C000D83DC7 /* Build configuration list for PBXNativeTarget "Avia Tickets" */ = {
			isa = XCConfigurationList;
			buildConfigurations = (
				AA0D3062224600C000D83DC7 /* Debug */,
				AA0D3063224600C000D83DC7 /* Release */,
			);
			defaultConfigurationIsVisible = 0;
			defaultConfigurationName = Release;
		};
/* End XCConfigurationList section */
	};
	rootObject = AA0D3043224600B800D83DC7 /* Project object */;
}
